
Microsoft Visual Studio Solution File, Format Version 12.00
# Visual Studio Version 17
VisualStudioVersion = 17.5.002.0
MinimumVisualStudioVersion = 10.0.40219.1
Project("{9A19103F-16F7-4668-BE54-9A1E7A4F7556}") = "Final Project C#", "Final Project C#.csproj", "{B13293FC-4C2C-47BA-B551-7DC0D5685199}"
EndProject
Global
	GlobalSection(SolutionConfigurationPlatforms) = preSolution
		Debug|Any CPU = Debug|Any CPU
		Release|Any CPU = Release|Any CPU
	EndGlobalSection
	GlobalSection(ProjectConfigurationPlatforms) = postSolution
		{B13293FC-4C2C-47BA-B551-7DC0D5685199}.Debug|Any CPU.ActiveCfg = Debug|Any CPU
		{B13293FC-4C2C-47BA-B551-7DC0D5685199}.Debug|Any CPU.Build.0 = Debug|Any CPU
		{B13293FC-4C2C-47BA-B551-7DC0D5685199}.Release|Any CPU.ActiveCfg = Release|Any CPU
		{B13293FC-4C2C-47BA-B551-7DC0D5685199}.Release|Any CPU.Build.0 = Release|Any CPU
	EndGlobalSection
	GlobalSection(SolutionProperties) = preSolution
		HideSolutionNode = FALSE
	EndGlobalSection
	GlobalSection(ExtensibilityGlobals) = postSolution
		SolutionGuid = {23586F21-3066-437F-AAD3-16D020FF8037}
	EndGlobalSection
EndGlobal
